
Microsoft Visual Studio Solution File, Format Version 12.00
# Visual Studio Version 16
VisualStudioVersion = 16.0.29123.88
MinimumVisualStudioVersion = 10.0.40219.1
Project("{FAE04EC0-301F-11D3-BF4B-00C04F79EFBC}") = "FoodConsultant.View", "FoodConsultant\FoodConsultant.View.csproj", "{45284CA9-7474-4AF5-9C40-B6BDCF2BA3BC}"
EndProject
Project("{FAE04EC0-301F-11D3-BF4B-00C04F79EFBC}") = "FoodConsultant.Model", "FoodConsultant.Model\FoodConsultant.Model.csproj", "{3991933F-1800-42A2-9DC6-CA5688F911CC}"
EndProject
Global
	GlobalSection(SolutionConfigurationPlatforms) = preSolution
		Debug|Any CPU = Debug|Any CPU
		Release|Any CPU = Release|Any CPU
	EndGlobalSection
	GlobalSection(ProjectConfigurationPlatforms) = postSolution
		{45284CA9-7474-4AF5-9C40-B6BDCF2BA3BC}.Debug|Any CPU.ActiveCfg = Debug|Any CPU
		{45284CA9-7474-4AF5-9C40-B6BDCF2BA3BC}.Debug|Any CPU.Build.0 = Debug|Any CPU
		{45284CA9-7474-4AF5-9C40-B6BDCF2BA3BC}.Release|Any CPU.ActiveCfg = Release|Any CPU
		{45284CA9-7474-4AF5-9C40-B6BDCF2BA3BC}.Release|Any CPU.Build.0 = Release|Any CPU
		{3991933F-1800-42A2-9DC6-CA5688F911CC}.Debug|Any CPU.ActiveCfg = Debug|Any CPU
		{3991933F-1800-42A2-9DC6-CA5688F911CC}.Debug|Any CPU.Build.0 = Debug|Any CPU
		{3991933F-1800-42A2-9DC6-CA5688F911CC}.Release|Any CPU.ActiveCfg = Release|Any CPU
		{3991933F-1800-42A2-9DC6-CA5688F911CC}.Release|Any CPU.Build.0 = Release|Any CPU
	EndGlobalSection
	GlobalSection(SolutionProperties) = preSolution
		HideSolutionNode = FALSE
	EndGlobalSection
	GlobalSection(ExtensibilityGlobals) = postSolution
		SolutionGuid = {AFC7F925-19E5-4477-BD93-CCBEEDCB0517}
	EndGlobalSection
EndGlobal
